
Microsoft Visual Studio Solution File, Format Version 12.00
# Visual Studio Version 16
VisualStudioVersion = 16.0.30804.86
MinimumVisualStudioVersion = 10.0.40219.1
Project("{FAE04EC0-301F-11D3-BF4B-00C04F79EFBC}") = "RPG-Smartify", "RPG-Smartify\RPG-Smartify.csproj", "{36658590-0424-4B2D-8679-1055C8CDAB7D}"
EndProject
Global
	GlobalSection(SolutionConfigurationPlatforms) = preSolution
		Debug|Any CPU = Debug|Any CPU
		Release|Any CPU = Release|Any CPU
	EndGlobalSection
	GlobalSection(ProjectConfigurationPlatforms) = postSolution
		{36658590-0424-4B2D-8679-1055C8CDAB7D}.Debug|Any CPU.ActiveCfg = Debug|Any CPU
		{36658590-0424-4B2D-8679-1055C8CDAB7D}.Debug|Any CPU.Build.0 = Debug|Any CPU
		{36658590-0424-4B2D-8679-1055C8CDAB7D}.Release|Any CPU.ActiveCfg = Release|Any CPU
		{36658590-0424-4B2D-8679-1055C8CDAB7D}.Release|Any CPU.Build.0 = Release|Any CPU
	EndGlobalSection
	GlobalSection(SolutionProperties) = preSolution
		HideSolutionNode = FALSE
	EndGlobalSection
	GlobalSection(ExtensibilityGlobals) = postSolution
		SolutionGuid = {E0E982AB-38F1-409C-A5F3-2BF1C807B126}
	EndGlobalSection
EndGlobal
